
Microsoft Visual Studio Solution File, Format Version 12.00
# Visual Studio 15
VisualStudioVersion = 15.0.28307.168
MinimumVisualStudioVersion = 10.0.40219.1
Project("{8BC9CEB8-8B4A-11D0-8D11-00A0C91BC942}") = "TEST01", "TEST01.vcxproj", "{7117434E-A904-4230-BE36-9C54B537DDEF}"
EndProject
Global
	GlobalSection(SolutionConfigurationPlatforms) = preSolution
		Debug|x64 = Debug|x64
		Debug|x86 = Debug|x86
		Release|x64 = Release|x64
		Release|x86 = Release|x86
		ts|x64 = ts|x64
		ts|x86 = ts|x86
	EndGlobalSection
	GlobalSection(ProjectConfigurationPlatforms) = postSolution
		{7117434E-A904-4230-BE36-9C54B537DDEF}.Debug|x64.ActiveCfg = Debug|x64
		{7117434E-A904-4230-BE36-9C54B537DDEF}.Debug|x64.Build.0 = Debug|x64
		{7117434E-A904-4230-BE36-9C54B537DDEF}.Debug|x86.ActiveCfg = Debug|Win32
		{7117434E-A904-4230-BE36-9C54B537DDEF}.Debug|x86.Build.0 = Debug|Win32
		{7117434E-A904-4230-BE36-9C54B537DDEF}.Release|x64.ActiveCfg = Release|x64
		{7117434E-A904-4230-BE36-9C54B537DDEF}.Release|x64.Build.0 = Release|x64
		{7117434E-A904-4230-BE36-9C54B537DDEF}.Release|x86.ActiveCfg = Release|Win32
		{7117434E-A904-4230-BE36-9C54B537DDEF}.Release|x86.Build.0 = Release|Win32
		{7117434E-A904-4230-BE36-9C54B537DDEF}.ts|x64.ActiveCfg = ts|x64
		{7117434E-A904-4230-BE36-9C54B537DDEF}.ts|x64.Build.0 = ts|x64
		{7117434E-A904-4230-BE36-9C54B537DDEF}.ts|x86.ActiveCfg = ts|Win32
		{7117434E-A904-4230-BE36-9C54B537DDEF}.ts|x86.Build.0 = ts|Win32
	EndGlobalSection
	GlobalSection(SolutionProperties) = preSolution
		HideSolutionNode = FALSE
	EndGlobalSection
	GlobalSection(ExtensibilityGlobals) = postSolution
		SolutionGuid = {08568C2F-EB1C-44E7-A152-269E93085AB5}
	EndGlobalSection
EndGlobal
