
Microsoft Visual Studio Solution File, Format Version 12.00
# Visual Studio 15
VisualStudioVersion = 15.0.28307.960
MinimumVisualStudioVersion = 10.0.40219.1
Project("{8BC9CEB8-8B4A-11D0-8D11-00A0C91BC942}") = "pjt02", "pjt02.vcxproj", "{41D7D803-1748-4E64-9A8D-F114CD53157B}"
EndProject
Global
	GlobalSection(SolutionConfigurationPlatforms) = preSolution
		Debug|x64 = Debug|x64
		Debug|x86 = Debug|x86
		Release|x64 = Release|x64
		Release|x86 = Release|x86
	EndGlobalSection
	GlobalSection(ProjectConfigurationPlatforms) = postSolution
		{41D7D803-1748-4E64-9A8D-F114CD53157B}.Debug|x64.ActiveCfg = Debug|x64
		{41D7D803-1748-4E64-9A8D-F114CD53157B}.Debug|x64.Build.0 = Debug|x64
		{41D7D803-1748-4E64-9A8D-F114CD53157B}.Debug|x86.ActiveCfg = Debug|Win32
		{41D7D803-1748-4E64-9A8D-F114CD53157B}.Debug|x86.Build.0 = Debug|Win32
		{41D7D803-1748-4E64-9A8D-F114CD53157B}.Release|x64.ActiveCfg = Release|x64
		{41D7D803-1748-4E64-9A8D-F114CD53157B}.Release|x64.Build.0 = Release|x64
		{41D7D803-1748-4E64-9A8D-F114CD53157B}.Release|x86.ActiveCfg = Release|Win32
		{41D7D803-1748-4E64-9A8D-F114CD53157B}.Release|x86.Build.0 = Release|Win32
	EndGlobalSection
	GlobalSection(SolutionProperties) = preSolution
		HideSolutionNode = FALSE
	EndGlobalSection
	GlobalSection(ExtensibilityGlobals) = postSolution
		SolutionGuid = {8F219E0A-6325-4950-96BB-E8D85E357EE1}
	EndGlobalSection
EndGlobal
